// !$*UTF8*$!
{
	archiveVersion = 1;
	classes = {
	};
	objectVersion = 56;
	objects = {

/* Begin PBXBuildFile section */
		B2414CAA2BBFB52800AC67D1 /* AboutOvumView.swift in Sources */ = {isa = PBXBuildFile; fileRef = B2414CA92BBFB52800AC67D1 /* AboutOvumView.swift */; };
		B2414CAD2BC4B32400AC67D1 /* SwiftUIImageViewer in Frameworks */ = {isa = PBXBuildFile; productRef = B2414CAC2BC4B32400AC67D1 /* SwiftUIImageViewer */; };
		B2414CAF2BC4B9A100AC67D1 /* MedicationHomeContent.swift in Sources */ = {isa = PBXBuildFile; fileRef = B2414CAE2BC4B9A100AC67D1 /* MedicationHomeContent.swift */; };
		B2414CB22BC4BF8A00AC67D1 /* MedicationViewModel.swift in Sources */ = {isa = PBXBuildFile; fileRef = B2414CB12BC4BF8A00AC67D1 /* MedicationViewModel.swift */; };
		B2414CB42BC4C00500AC67D1 /* Medication.swift in Sources */ = {isa = PBXBuildFile; fileRef = B2414CB32BC4C00500AC67D1 /* Medication.swift */; };
		B2414CB62BC4C88F00AC67D1 /* MedicationFrequency.swift in Sources */ = {isa = PBXBuildFile; fileRef = B2414CB52BC4C88F00AC67D1 /* MedicationFrequency.swift */; };
		B2414CB82BC4D02400AC67D1 /* MedicationHistory.swift in Sources */ = {isa = PBXBuildFile; fileRef = B2414CB72BC4D02400AC67D1 /* MedicationHistory.swift */; };
		B2414CBA2BC4F2A100AC67D1 /* MedicationFormView.swift in Sources */ = {isa = PBXBuildFile; fileRef = B2414CB92BC4F2A100AC67D1 /* MedicationFormView.swift */; };
		B2414CBC2BC518C800AC67D1 /* MedicationTile.swift in Sources */ = {isa = PBXBuildFile; fileRef = B2414CBB2BC518C800AC67D1 /* MedicationTile.swift */; };
		B2414CBE2BC7699E00AC67D1 /* Notifications.swift in Sources */ = {isa = PBXBuildFile; fileRef = B2414CBD2BC7699E00AC67D1 /* Notifications.swift */; };
		B246940C2BA026FA00286A75 /* Menu.swift in Sources */ = {isa = PBXBuildFile; fileRef = B246940B2BA026FA00286A75 /* Menu.swift */; };
		B246940E2BA10D1600286A75 /* PurpleButton.swift in Sources */ = {isa = PBXBuildFile; fileRef = B246940D2BA10D1600286A75 /* PurpleButton.swift */; };
		B24694102BA10DA100286A75 /* TransparentButton.swift in Sources */ = {isa = PBXBuildFile; fileRef = B246940F2BA10DA100286A75 /* TransparentButton.swift */; };
		B24694122BA10FED00286A75 /* SecondaryButton.swift in Sources */ = {isa = PBXBuildFile; fileRef = B24694112BA10FED00286A75 /* SecondaryButton.swift */; };
		B24694142BA116D600286A75 /* ThickDivider.swift in Sources */ = {isa = PBXBuildFile; fileRef = B24694132BA116D600286A75 /* ThickDivider.swift */; };
		B246941B2BA12C3300286A75 /* ChatHistory.swift in Sources */ = {isa = PBXBuildFile; fileRef = B246941A2BA12C3300286A75 /* ChatHistory.swift */; };
		B246941D2BA12D7700286A75 /* LoginView.swift in Sources */ = {isa = PBXBuildFile; fileRef = B246941C2BA12D7700286A75 /* LoginView.swift */; };
		B246941F2BA12E2600286A75 /* InputView.swift in Sources */ = {isa = PBXBuildFile; fileRef = B246941E2BA12E2600286A75 /* InputView.swift */; };
		B24694212BA131DD00286A75 /* RegistrationView.swift in Sources */ = {isa = PBXBuildFile; fileRef = B24694202BA131DD00286A75 /* RegistrationView.swift */; };
		B24694232BA1336B00286A75 /* ProfileView.swift in Sources */ = {isa = PBXBuildFile; fileRef = B24694222BA1336B00286A75 /* ProfileView.swift */; };
		B24694252BA134B500286A75 /* SettingsRowView.swift in Sources */ = {isa = PBXBuildFile; fileRef = B24694242BA134B500286A75 /* SettingsRowView.swift */; };
		B24694272BA1360600286A75 /* User.swift in Sources */ = {isa = PBXBuildFile; fileRef = B24694262BA1360600286A75 /* User.swift */; };
		B24694292BA139CF00286A75 /* GoogleService-Info.plist in Resources */ = {isa = PBXBuildFile; fileRef = B24694282BA139CF00286A75 /* GoogleService-Info.plist */; };
		B24694382BA13B7000286A75 /* FirebaseAuth in Frameworks */ = {isa = PBXBuildFile; productRef = B24694372BA13B7000286A75 /* FirebaseAuth */; };
		B24694442BA13B7000286A75 /* FirebaseFirestore in Frameworks */ = {isa = PBXBuildFile; productRef = B24694432BA13B7000286A75 /* FirebaseFirestore */; };
		B246945E2BA13B7000286A75 /* FirebaseStorage in Frameworks */ = {isa = PBXBuildFile; productRef = B246945D2BA13B7000286A75 /* FirebaseStorage */; };
		B24694632BA13C0700286A75 /* FirebaseFirestoreSwift in Frameworks */ = {isa = PBXBuildFile; productRef = B24694622BA13C0700286A75 /* FirebaseFirestoreSwift */; };
		B24694672BA13C7900286A75 /* AuthViewModel.swift in Sources */ = {isa = PBXBuildFile; fileRef = B24694662BA13C7900286A75 /* AuthViewModel.swift */; };
		B24694692BA26A3A00286A75 /* UploadDocument.swift in Sources */ = {isa = PBXBuildFile; fileRef = B24694682BA26A3A00286A75 /* UploadDocument.swift */; };
		B246946B2BA270A700286A75 /* TagDocument.swift in Sources */ = {isa = PBXBuildFile; fileRef = B246946A2BA270A700286A75 /* TagDocument.swift */; };
		B247B68C2BB1216E00FF17B9 /* SymptomTray.swift in Sources */ = {isa = PBXBuildFile; fileRef = B247B68B2BB1216E00FF17B9 /* SymptomTray.swift */; };
		B247B68E2BB1307F00FF17B9 /* ChatCompleted.swift in Sources */ = {isa = PBXBuildFile; fileRef = B247B68D2BB1307F00FF17B9 /* ChatCompleted.swift */; };
		B247B6902BB3A6EC00FF17B9 /* SplashScreen.swift in Sources */ = {isa = PBXBuildFile; fileRef = B247B68F2BB3A6EC00FF17B9 /* SplashScreen.swift */; };
		B247B6922BB3BA9C00FF17B9 /* LoggedInView.swift in Sources */ = {isa = PBXBuildFile; fileRef = B247B6912BB3BA9C00FF17B9 /* LoggedInView.swift */; };
		B247B6A62BB4D86B00FF17B9 /* TestDomaineText-Regular.otf in Resources */ = {isa = PBXBuildFile; fileRef = B247B6A02BB4D86B00FF17B9 /* TestDomaineText-Regular.otf */; };
		B247B6A72BB4D86B00FF17B9 /* NeueHaasGrotDisp-66MediumItalic-Trial.otf in Resources */ = {isa = PBXBuildFile; fileRef = B247B6A12BB4D86B00FF17B9 /* NeueHaasGrotDisp-66MediumItalic-Trial.otf */; };
		B247B6A82BB4D86B00FF17B9 /* TestDomaineText-RegularItalic.otf in Resources */ = {isa = PBXBuildFile; fileRef = B247B6A22BB4D86B00FF17B9 /* TestDomaineText-RegularItalic.otf */; };
		B247B6A92BB4D86B00FF17B9 /* NeueHaasGrotDisp-65Medium-Trial.otf in Resources */ = {isa = PBXBuildFile; fileRef = B247B6A32BB4D86B00FF17B9 /* NeueHaasGrotDisp-65Medium-Trial.otf */; };
		B247B6AA2BB4D86B00FF17B9 /* NeueHaasGrotDisp-55Roman-Trial.otf in Resources */ = {isa = PBXBuildFile; fileRef = B247B6A42BB4D86B00FF17B9 /* NeueHaasGrotDisp-55Roman-Trial.otf */; };
		B247B6AB2BB4D86B00FF17B9 /* NeueHaasGrotDisp-56Italic-Trial.otf in Resources */ = {isa = PBXBuildFile; fileRef = B247B6A52BB4D86B00FF17B9 /* NeueHaasGrotDisp-56Italic-Trial.otf */; };
		B247B6AD2BB4F53C00FF17B9 /* HelperFunctions.swift in Sources */ = {isa = PBXBuildFile; fileRef = B247B6AC2BB4F53C00FF17B9 /* HelperFunctions.swift */; };
		B247B6AF2BBCC0B300FF17B9 /* SlidingView.swift in Sources */ = {isa = PBXBuildFile; fileRef = B247B6AE2BBCC0B300FF17B9 /* SlidingView.swift */; };
		B247B6B12BBCC4BC00FF17B9 /* KeyboardManager.swift in Sources */ = {isa = PBXBuildFile; fileRef = B247B6B02BBCC4BC00FF17B9 /* KeyboardManager.swift */; };
		B2582D252BA40476002ABFA6 /* HealthKitManager.swift in Sources */ = {isa = PBXBuildFile; fileRef = B2582D242BA40476002ABFA6 /* HealthKitManager.swift */; };
		B25D75572BC7A31E00A8E2A4 /* thing.swift in Sources */ = {isa = PBXBuildFile; fileRef = B25D75562BC7A31E00A8E2A4 /* thing.swift */; };
		B25D75592BC8C92700A8E2A4 /* CheckboxToggle.swift in Sources */ = {isa = PBXBuildFile; fileRef = B25D75582BC8C92700A8E2A4 /* CheckboxToggle.swift */; };
		B2D6A3A22B8EFEF80045CCD1 /* OvumApp.swift in Sources */ = {isa = PBXBuildFile; fileRef = B2D6A3A12B8EFEF80045CCD1 /* OvumApp.swift */; };
		B2D6A3A42B8EFEF80045CCD1 /* ContentView.swift in Sources */ = {isa = PBXBuildFile; fileRef = B2D6A3A32B8EFEF80045CCD1 /* ContentView.swift */; };
		B2D6A3A62B8EFF050045CCD1 /* Assets.xcassets in Resources */ = {isa = PBXBuildFile; fileRef = B2D6A3A52B8EFF050045CCD1 /* Assets.xcassets */; };
		B2D6A3A92B8EFF050045CCD1 /* Preview Assets.xcassets in Resources */ = {isa = PBXBuildFile; fileRef = B2D6A3A82B8EFF050045CCD1 /* Preview Assets.xcassets */; };
		B2D6A3B12B8F1AB20045CCD1 /* BaseView.swift in Sources */ = {isa = PBXBuildFile; fileRef = B2D6A3B02B8F1AB20045CCD1 /* BaseView.swift */; };
		B2D6A3E72B9041B10045CCD1 /* Header.swift in Sources */ = {isa = PBXBuildFile; fileRef = B2D6A3E62B9041B10045CCD1 /* Header.swift */; };
		B2D6A3E92B9055640045CCD1 /* ChatHomeContent.swift in Sources */ = {isa = PBXBuildFile; fileRef = B2D6A3E82B9055640045CCD1 /* ChatHomeContent.swift */; };
		B2D6A3ED2B905B0B0045CCD1 /* TextFieldSendButton.swift in Sources */ = {isa = PBXBuildFile; fileRef = B2D6A3EC2B905B0B0045CCD1 /* TextFieldSendButton.swift */; };
		B2D6A3EF2B914AEB0045CCD1 /* MessageInputField.swift in Sources */ = {isa = PBXBuildFile; fileRef = B2D6A3EE2B914AEB0045CCD1 /* MessageInputField.swift */; };
		B2D6A3F22B914D630045CCD1 /* ChatDetail.swift in Sources */ = {isa = PBXBuildFile; fileRef = B2D6A3F12B914D620045CCD1 /* ChatDetail.swift */; };
		B2D6A3F52B91565C0045CCD1 /* Message.swift in Sources */ = {isa = PBXBuildFile; fileRef = B2D6A3F42B91565C0045CCD1 /* Message.swift */; };
		B2D6A3F72B9157020045CCD1 /* MessageViewModel.swift in Sources */ = {isa = PBXBuildFile; fileRef = B2D6A3F62B9157020045CCD1 /* MessageViewModel.swift */; };
		B2D6A3F92B9159590045CCD1 /* ChatBubble.swift in Sources */ = {isa = PBXBuildFile; fileRef = B2D6A3F82B9159590045CCD1 /* ChatBubble.swift */; };
		B2D6A3FB2B91749D0045CCD1 /* IconButton.swift in Sources */ = {isa = PBXBuildFile; fileRef = B2D6A3FA2B91749D0045CCD1 /* IconButton.swift */; };
		B2D6A3FD2B917FB20045CCD1 /* TypingIndicator.swift in Sources */ = {isa = PBXBuildFile; fileRef = B2D6A3FC2B917FB20045CCD1 /* TypingIndicator.swift */; };
		B2D6A4032B96CBE90045CCD1 /* ChatTile.swift in Sources */ = {isa = PBXBuildFile; fileRef = B2D6A4022B96CBE90045CCD1 /* ChatTile.swift */; };
		B2D6A4052B97E2410045CCD1 /* SendMessageField.swift in Sources */ = {isa = PBXBuildFile; fileRef = B2D6A4042B97E2410045CCD1 /* SendMessageField.swift */; };
		B2D6A4072B980BAD0045CCD1 /* ChatSession.swift in Sources */ = {isa = PBXBuildFile; fileRef = B2D6A4062B980BAD0045CCD1 /* ChatSession.swift */; };
		B2D6A4092B980ED40045CCD1 /* ChatHistoryDetail.swift in Sources */ = {isa = PBXBuildFile; fileRef = B2D6A4082B980ED40045CCD1 /* ChatHistoryDetail.swift */; };
		B2D6A40C2B9814220045CCD1 /* RecordsHomeContent.swift in Sources */ = {isa = PBXBuildFile; fileRef = B2D6A40B2B9814220045CCD1 /* RecordsHomeContent.swift */; };
		B2D6A40E2B9817890045CCD1 /* RecordTypeTile.swift in Sources */ = {isa = PBXBuildFile; fileRef = B2D6A40D2B9817890045CCD1 /* RecordTypeTile.swift */; };
		B2D6A4102B98299D0045CCD1 /* PrimaryButton.swift in Sources */ = {isa = PBXBuildFile; fileRef = B2D6A40F2B98299D0045CCD1 /* PrimaryButton.swift */; };
		B2D6A4122B98310E0045CCD1 /* DocumentListTile.swift in Sources */ = {isa = PBXBuildFile; fileRef = B2D6A4112B98310E0045CCD1 /* DocumentListTile.swift */; };
		B2D6A4142B98313A0045CCD1 /* Document.swift in Sources */ = {isa = PBXBuildFile; fileRef = B2D6A4132B98313A0045CCD1 /* Document.swift */; };
		B2D6A4172B983DCF0045CCD1 /* OverviewHomeContent.swift in Sources */ = {isa = PBXBuildFile; fileRef = B2D6A4162B983DCF0045CCD1 /* OverviewHomeContent.swift */; };
		B2D6A4192B9A96B40045CCD1 /* Constants.swift in Sources */ = {isa = PBXBuildFile; fileRef = B2D6A4182B9A96B40045CCD1 /* Constants.swift */; };
		B2D6A41B2B9AB3830045CCD1 /* AddDocumentTray.swift in Sources */ = {isa = PBXBuildFile; fileRef = B2D6A41A2B9AB3830045CCD1 /* AddDocumentTray.swift */; };
		B2D6A41D2B9AC08F0045CCD1 /* RecordDetail.swift in Sources */ = {isa = PBXBuildFile; fileRef = B2D6A41C2B9AC08F0045CCD1 /* RecordDetail.swift */; };
		B2D6A41F2B9E77BD0045CCD1 /* MapOnboardingBubbleShape.swift in Sources */ = {isa = PBXBuildFile; fileRef = B2D6A41E2B9E77BD0045CCD1 /* MapOnboardingBubbleShape.swift */; };
		B2D6A4212B9E789E0045CCD1 /* BubbleBackground.swift in Sources */ = {isa = PBXBuildFile; fileRef = B2D6A4202B9E789E0045CCD1 /* BubbleBackground.swift */; };
		B2D6A4232B9E7DFE0045CCD1 /* BubbleTransitionView.swift in Sources */ = {isa = PBXBuildFile; fileRef = B2D6A4222B9E7DFE0045CCD1 /* BubbleTransitionView.swift */; };
		B2D6A4252B9ECA7D0045CCD1 /* PhotoPicker.swift in Sources */ = {isa = PBXBuildFile; fileRef = B2D6A4242B9ECA7D0045CCD1 /* PhotoPicker.swift */; };
		B2D6A4272B9FBDDD0045CCD1 /* CaptureImage.swift in Sources */ = {isa = PBXBuildFile; fileRef = B2D6A4262B9FBDDD0045CCD1 /* CaptureImage.swift */; };
		B2D6A4292B9FCDFD0045CCD1 /* Router.swift in Sources */ = {isa = PBXBuildFile; fileRef = B2D6A4282B9FCDFD0045CCD1 /* Router.swift */; };
		B2F4BB142BCCD9C200E93770 /* OnboardingInfo.swift in Sources */ = {isa = PBXBuildFile; fileRef = B2F4BB132BCCD9C200E93770 /* OnboardingInfo.swift */; };
		B2F4BB162BCCDA3800E93770 /* OnboardingView.swift in Sources */ = {isa = PBXBuildFile; fileRef = B2F4BB152BCCDA3800E93770 /* OnboardingView.swift */; };
		B2F4BB182BCCDBD100E93770 /* OnboardingViewModel.swift in Sources */ = {isa = PBXBuildFile; fileRef = B2F4BB172BCCDBD100E93770 /* OnboardingViewModel.swift */; };
		B2F4BB1A2BCE393F00E93770 /* WarningView.swift in Sources */ = {isa = PBXBuildFile; fileRef = B2F4BB192BCE393F00E93770 /* WarningView.swift */; };
/* End PBXBuildFile section */

/* Begin PBXFileReference section */
		B2414CA92BBFB52800AC67D1 /* AboutOvumView.swift */ = {isa = PBXFileReference; lastKnownFileType = sourcecode.swift; path = AboutOvumView.swift; sourceTree = "<group>"; };
		B2414CAE2BC4B9A100AC67D1 /* MedicationHomeContent.swift */ = {isa = PBXFileReference; lastKnownFileType = sourcecode.swift; path = MedicationHomeContent.swift; sourceTree = "<group>"; };
		B2414CB12BC4BF8A00AC67D1 /* MedicationViewModel.swift */ = {isa = PBXFileReference; lastKnownFileType = sourcecode.swift; path = MedicationViewModel.swift; sourceTree = "<group>"; };
		B2414CB32BC4C00500AC67D1 /* Medication.swift */ = {isa = PBXFileReference; lastKnownFileType = sourcecode.swift; path = Medication.swift; sourceTree = "<group>"; };
		B2414CB52BC4C88F00AC67D1 /* MedicationFrequency.swift */ = {isa = PBXFileReference; lastKnownFileType = sourcecode.swift; path = MedicationFrequency.swift; sourceTree = "<group>"; };
		B2414CB72BC4D02400AC67D1 /* MedicationHistory.swift */ = {isa = PBXFileReference; lastKnownFileType = sourcecode.swift; path = MedicationHistory.swift; sourceTree = "<group>"; };
		B2414CB92BC4F2A100AC67D1 /* MedicationFormView.swift */ = {isa = PBXFileReference; lastKnownFileType = sourcecode.swift; path = MedicationFormView.swift; sourceTree = "<group>"; };
		B2414CBB2BC518C800AC67D1 /* MedicationTile.swift */ = {isa = PBXFileReference; lastKnownFileType = sourcecode.swift; path = MedicationTile.swift; sourceTree = "<group>"; };
		B2414CBD2BC7699E00AC67D1 /* Notifications.swift */ = {isa = PBXFileReference; lastKnownFileType = sourcecode.swift; path = Notifications.swift; sourceTree = "<group>"; };
		B2414CBF2BC769C800AC67D1 /* OvumRelease.entitlements */ = {isa = PBXFileReference; lastKnownFileType = text.plist.entitlements; path = OvumRelease.entitlements; sourceTree = "<group>"; };
		B246940B2BA026FA00286A75 /* Menu.swift */ = {isa = PBXFileReference; lastKnownFileType = sourcecode.swift; path = Menu.swift; sourceTree = "<group>"; };
		B246940D2BA10D1600286A75 /* PurpleButton.swift */ = {isa = PBXFileReference; lastKnownFileType = sourcecode.swift; path = PurpleButton.swift; sourceTree = "<group>"; };
		B246940F2BA10DA100286A75 /* TransparentButton.swift */ = {isa = PBXFileReference; lastKnownFileType = sourcecode.swift; path = TransparentButton.swift; sourceTree = "<group>"; };
		B24694112BA10FED00286A75 /* SecondaryButton.swift */ = {isa = PBXFileReference; lastKnownFileType = sourcecode.swift; path = SecondaryButton.swift; sourceTree = "<group>"; };
		B24694132BA116D600286A75 /* ThickDivider.swift */ = {isa = PBXFileReference; lastKnownFileType = sourcecode.swift; path = ThickDivider.swift; sourceTree = "<group>"; };
		B246941A2BA12C3300286A75 /* ChatHistory.swift */ = {isa = PBXFileReference; lastKnownFileType = sourcecode.swift; path = ChatHistory.swift; sourceTree = "<group>"; };
		B246941C2BA12D7700286A75 /* LoginView.swift */ = {isa = PBXFileReference; lastKnownFileType = sourcecode.swift; path = LoginView.swift; sourceTree = "<group>"; };
		B246941E2BA12E2600286A75 /* InputView.swift */ = {isa = PBXFileReference; lastKnownFileType = sourcecode.swift; path = InputView.swift; sourceTree = "<group>"; };
		B24694202BA131DD00286A75 /* RegistrationView.swift */ = {isa = PBXFileReference; lastKnownFileType = sourcecode.swift; path = RegistrationView.swift; sourceTree = "<group>"; };
		B24694222BA1336B00286A75 /* ProfileView.swift */ = {isa = PBXFileReference; lastKnownFileType = sourcecode.swift; path = ProfileView.swift; sourceTree = "<group>"; };
		B24694242BA134B500286A75 /* SettingsRowView.swift */ = {isa = PBXFileReference; lastKnownFileType = sourcecode.swift; path = SettingsRowView.swift; sourceTree = "<group>"; };
		B24694262BA1360600286A75 /* User.swift */ = {isa = PBXFileReference; lastKnownFileType = sourcecode.swift; path = User.swift; sourceTree = "<group>"; };
		B24694282BA139CF00286A75 /* GoogleService-Info.plist */ = {isa = PBXFileReference; lastKnownFileType = text.plist; path = "GoogleService-Info.plist"; sourceTree = SOURCE_ROOT; };
		B24694662BA13C7900286A75 /* AuthViewModel.swift */ = {isa = PBXFileReference; lastKnownFileType = sourcecode.swift; path = AuthViewModel.swift; sourceTree = "<group>"; };
		B24694682BA26A3A00286A75 /* UploadDocument.swift */ = {isa = PBXFileReference; lastKnownFileType = sourcecode.swift; path = UploadDocument.swift; sourceTree = "<group>"; };
		B246946A2BA270A700286A75 /* TagDocument.swift */ = {isa = PBXFileReference; lastKnownFileType = sourcecode.swift; path = TagDocument.swift; sourceTree = "<group>"; };
		B247B68B2BB1216E00FF17B9 /* SymptomTray.swift */ = {isa = PBXFileReference; lastKnownFileType = sourcecode.swift; path = SymptomTray.swift; sourceTree = "<group>"; };
		B247B68D2BB1307F00FF17B9 /* ChatCompleted.swift */ = {isa = PBXFileReference; lastKnownFileType = sourcecode.swift; path = ChatCompleted.swift; sourceTree = "<group>"; };
		B247B68F2BB3A6EC00FF17B9 /* SplashScreen.swift */ = {isa = PBXFileReference; lastKnownFileType = sourcecode.swift; path = SplashScreen.swift; sourceTree = "<group>"; };
		B247B6912BB3BA9C00FF17B9 /* LoggedInView.swift */ = {isa = PBXFileReference; lastKnownFileType = sourcecode.swift; path = LoggedInView.swift; sourceTree = "<group>"; };
		B247B6A02BB4D86B00FF17B9 /* TestDomaineText-Regular.otf */ = {isa = PBXFileReference; lastKnownFileType = file; path = "TestDomaineText-Regular.otf"; sourceTree = "<group>"; };
		B247B6A12BB4D86B00FF17B9 /* NeueHaasGrotDisp-66MediumItalic-Trial.otf */ = {isa = PBXFileReference; lastKnownFileType = file; path = "NeueHaasGrotDisp-66MediumItalic-Trial.otf"; sourceTree = "<group>"; };
		B247B6A22BB4D86B00FF17B9 /* TestDomaineText-RegularItalic.otf */ = {isa = PBXFileReference; lastKnownFileType = file; path = "TestDomaineText-RegularItalic.otf"; sourceTree = "<group>"; };
		B247B6A32BB4D86B00FF17B9 /* NeueHaasGrotDisp-65Medium-Trial.otf */ = {isa = PBXFileReference; lastKnownFileType = file; path = "NeueHaasGrotDisp-65Medium-Trial.otf"; sourceTree = "<group>"; };
		B247B6A42BB4D86B00FF17B9 /* NeueHaasGrotDisp-55Roman-Trial.otf */ = {isa = PBXFileReference; lastKnownFileType = file; path = "NeueHaasGrotDisp-55Roman-Trial.otf"; sourceTree = "<group>"; };
		B247B6A52BB4D86B00FF17B9 /* NeueHaasGrotDisp-56Italic-Trial.otf */ = {isa = PBXFileReference; lastKnownFileType = file; path = "NeueHaasGrotDisp-56Italic-Trial.otf"; sourceTree = "<group>"; };
		B247B6AC2BB4F53C00FF17B9 /* HelperFunctions.swift */ = {isa = PBXFileReference; lastKnownFileType = sourcecode.swift; path = HelperFunctions.swift; sourceTree = "<group>"; };
		B247B6AE2BBCC0B300FF17B9 /* SlidingView.swift */ = {isa = PBXFileReference; lastKnownFileType = sourcecode.swift; path = SlidingView.swift; sourceTree = "<group>"; };
		B247B6B02BBCC4BC00FF17B9 /* KeyboardManager.swift */ = {isa = PBXFileReference; lastKnownFileType = sourcecode.swift; path = KeyboardManager.swift; sourceTree = "<group>"; };
		B2582D222BA403E7002ABFA6 /* Ovum.entitlements */ = {isa = PBXFileReference; lastKnownFileType = text.plist.entitlements; path = Ovum.entitlements; sourceTree = "<group>"; };
		B2582D242BA40476002ABFA6 /* HealthKitManager.swift */ = {isa = PBXFileReference; lastKnownFileType = sourcecode.swift; path = HealthKitManager.swift; sourceTree = "<group>"; };
		B2582D262BA7E752002ABFA6 /* Info.plist */ = {isa = PBXFileReference; lastKnownFileType = text.plist; path = Info.plist; sourceTree = "<group>"; };
		B25D75562BC7A31E00A8E2A4 /* thing.swift */ = {isa = PBXFileReference; lastKnownFileType = sourcecode.swift; path = thing.swift; sourceTree = "<group>"; };
		B25D75582BC8C92700A8E2A4 /* CheckboxToggle.swift */ = {isa = PBXFileReference; lastKnownFileType = sourcecode.swift; path = CheckboxToggle.swift; sourceTree = "<group>"; };
		B2D6A39E2B8EFEF80045CCD1 /* Ovum.app */ = {isa = PBXFileReference; explicitFileType = wrapper.application; includeInIndex = 0; path = Ovum.app; sourceTree = BUILT_PRODUCTS_DIR; };
		B2D6A3A12B8EFEF80045CCD1 /* OvumApp.swift */ = {isa = PBXFileReference; lastKnownFileType = sourcecode.swift; path = OvumApp.swift; sourceTree = "<group>"; };
		B2D6A3A32B8EFEF80045CCD1 /* ContentView.swift */ = {isa = PBXFileReference; lastKnownFileType = sourcecode.swift; path = ContentView.swift; sourceTree = "<group>"; };
		B2D6A3A52B8EFF050045CCD1 /* Assets.xcassets */ = {isa = PBXFileReference; lastKnownFileType = folder.assetcatalog; path = Assets.xcassets; sourceTree = "<group>"; };
		B2D6A3A82B8EFF050045CCD1 /* Preview Assets.xcassets */ = {isa = PBXFileReference; lastKnownFileType = folder.assetcatalog; path = "Preview Assets.xcassets"; sourceTree = "<group>"; };
		B2D6A3B02B8F1AB20045CCD1 /* BaseView.swift */ = {isa = PBXFileReference; lastKnownFileType = sourcecode.swift; path = BaseView.swift; sourceTree = "<group>"; };
		B2D6A3E62B9041B10045CCD1 /* Header.swift */ = {isa = PBXFileReference; lastKnownFileType = sourcecode.swift; path = Header.swift; sourceTree = "<group>"; };
		B2D6A3E82B9055640045CCD1 /* ChatHomeContent.swift */ = {isa = PBXFileReference; lastKnownFileType = sourcecode.swift; path = ChatHomeContent.swift; sourceTree = "<group>"; };
		B2D6A3EC2B905B0B0045CCD1 /* TextFieldSendButton.swift */ = {isa = PBXFileReference; lastKnownFileType = sourcecode.swift; path = TextFieldSendButton.swift; sourceTree = "<group>"; };
		B2D6A3EE2B914AEB0045CCD1 /* MessageInputField.swift */ = {isa = PBXFileReference; lastKnownFileType = sourcecode.swift; path = MessageInputField.swift; sourceTree = "<group>"; };
		B2D6A3F12B914D620045CCD1 /* ChatDetail.swift */ = {isa = PBXFileReference; lastKnownFileType = sourcecode.swift; path = ChatDetail.swift; sourceTree = "<group>"; };
		B2D6A3F42B91565C0045CCD1 /* Message.swift */ = {isa = PBXFileReference; lastKnownFileType = sourcecode.swift; path = Message.swift; sourceTree = "<group>"; };
		B2D6A3F62B9157020045CCD1 /* MessageViewModel.swift */ = {isa = PBXFileReference; lastKnownFileType = sourcecode.swift; path = MessageViewModel.swift; sourceTree = "<group>"; };
		B2D6A3F82B9159590045CCD1 /* ChatBubble.swift */ = {isa = PBXFileReference; lastKnownFileType = sourcecode.swift; path = ChatBubble.swift; sourceTree = "<group>"; };
		B2D6A3FA2B91749D0045CCD1 /* IconButton.swift */ = {isa = PBXFileReference; lastKnownFileType = sourcecode.swift; path = IconButton.swift; sourceTree = "<group>"; };
		B2D6A3FC2B917FB20045CCD1 /* TypingIndicator.swift */ = {isa = PBXFileReference; lastKnownFileType = sourcecode.swift; path = TypingIndicator.swift; sourceTree = "<group>"; };
		B2D6A4022B96CBE90045CCD1 /* ChatTile.swift */ = {isa = PBXFileReference; lastKnownFileType = sourcecode.swift; path = ChatTile.swift; sourceTree = "<group>"; };
		B2D6A4042B97E2410045CCD1 /* SendMessageField.swift */ = {isa = PBXFileReference; lastKnownFileType = sourcecode.swift; path = SendMessageField.swift; sourceTree = "<group>"; };
		B2D6A4062B980BAD0045CCD1 /* ChatSession.swift */ = {isa = PBXFileReference; lastKnownFileType = sourcecode.swift; path = ChatSession.swift; sourceTree = "<group>"; };
		B2D6A4082B980ED40045CCD1 /* ChatHistoryDetail.swift */ = {isa = PBXFileReference; lastKnownFileType = sourcecode.swift; path = ChatHistoryDetail.swift; sourceTree = "<group>"; };
		B2D6A40B2B9814220045CCD1 /* RecordsHomeContent.swift */ = {isa = PBXFileReference; lastKnownFileType = sourcecode.swift; path = RecordsHomeContent.swift; sourceTree = "<group>"; };
		B2D6A40D2B9817890045CCD1 /* RecordTypeTile.swift */ = {isa = PBXFileReference; lastKnownFileType = sourcecode.swift; path = RecordTypeTile.swift; sourceTree = "<group>"; };
		B2D6A40F2B98299D0045CCD1 /* PrimaryButton.swift */ = {isa = PBXFileReference; lastKnownFileType = sourcecode.swift; path = PrimaryButton.swift; sourceTree = "<group>"; };
		B2D6A4112B98310E0045CCD1 /* DocumentListTile.swift */ = {isa = PBXFileReference; lastKnownFileType = sourcecode.swift; path = DocumentListTile.swift; sourceTree = "<group>"; };
		B2D6A4132B98313A0045CCD1 /* Document.swift */ = {isa = PBXFileReference; lastKnownFileType = sourcecode.swift; path = Document.swift; sourceTree = "<group>"; };
		B2D6A4162B983DCF0045CCD1 /* OverviewHomeContent.swift */ = {isa = PBXFileReference; lastKnownFileType = sourcecode.swift; path = OverviewHomeContent.swift; sourceTree = "<group>"; };
		B2D6A4182B9A96B40045CCD1 /* Constants.swift */ = {isa = PBXFileReference; lastKnownFileType = sourcecode.swift; path = Constants.swift; sourceTree = "<group>"; };
		B2D6A41A2B9AB3830045CCD1 /* AddDocumentTray.swift */ = {isa = PBXFileReference; lastKnownFileType = sourcecode.swift; path = AddDocumentTray.swift; sourceTree = "<group>"; };
		B2D6A41C2B9AC08F0045CCD1 /* RecordDetail.swift */ = {isa = PBXFileReference; lastKnownFileType = sourcecode.swift; path = RecordDetail.swift; sourceTree = "<group>"; };
		B2D6A41E2B9E77BD0045CCD1 /* MapOnboardingBubbleShape.swift */ = {isa = PBXFileReference; lastKnownFileType = sourcecode.swift; path = MapOnboardingBubbleShape.swift; sourceTree = "<group>"; };
		B2D6A4202B9E789E0045CCD1 /* BubbleBackground.swift */ = {isa = PBXFileReference; lastKnownFileType = sourcecode.swift; path = BubbleBackground.swift; sourceTree = "<group>"; };
		B2D6A4222B9E7DFE0045CCD1 /* BubbleTransitionView.swift */ = {isa = PBXFileReference; lastKnownFileType = sourcecode.swift; path = BubbleTransitionView.swift; sourceTree = "<group>"; };
		B2D6A4242B9ECA7D0045CCD1 /* PhotoPicker.swift */ = {isa = PBXFileReference; lastKnownFileType = sourcecode.swift; path = PhotoPicker.swift; sourceTree = "<group>"; };
		B2D6A4262B9FBDDD0045CCD1 /* CaptureImage.swift */ = {isa = PBXFileReference; lastKnownFileType = sourcecode.swift; path = CaptureImage.swift; sourceTree = "<group>"; };
		B2D6A4282B9FCDFD0045CCD1 /* Router.swift */ = {isa = PBXFileReference; lastKnownFileType = sourcecode.swift; path = Router.swift; sourceTree = "<group>"; };
		B2F4BB132BCCD9C200E93770 /* OnboardingInfo.swift */ = {isa = PBXFileReference; lastKnownFileType = sourcecode.swift; path = OnboardingInfo.swift; sourceTree = "<group>"; };
		B2F4BB152BCCDA3800E93770 /* OnboardingView.swift */ = {isa = PBXFileReference; lastKnownFileType = sourcecode.swift; path = OnboardingView.swift; sourceTree = "<group>"; };
		B2F4BB172BCCDBD100E93770 /* OnboardingViewModel.swift */ = {isa = PBXFileReference; lastKnownFileType = sourcecode.swift; path = OnboardingViewModel.swift; sourceTree = "<group>"; };
		B2F4BB192BCE393F00E93770 /* WarningView.swift */ = {isa = PBXFileReference; lastKnownFileType = sourcecode.swift; path = WarningView.swift; sourceTree = "<group>"; };
/* End PBXFileReference section */

/* Begin PBXFrameworksBuildPhase section */
		B2D6A39B2B8EFEF80045CCD1 /* Frameworks */ = {
			isa = PBXFrameworksBuildPhase;
			buildActionMask = 2147483647;
			files = (
				B24694442BA13B7000286A75 /* FirebaseFirestore in Frameworks */,
				B24694382BA13B7000286A75 /* FirebaseAuth in Frameworks */,
				B246945E2BA13B7000286A75 /* FirebaseStorage in Frameworks */,
				B2414CAD2BC4B32400AC67D1 /* SwiftUIImageViewer in Frameworks */,
				B24694632BA13C0700286A75 /* FirebaseFirestoreSwift in Frameworks */,
			);
			runOnlyForDeploymentPostprocessing = 0;
		};
/* End PBXFrameworksBuildPhase section */

/* Begin PBXGroup section */
		B2414CB02BC4BF7100AC67D1 /* Medication */ = {
			isa = PBXGroup;
			children = (
				B2414CAE2BC4B9A100AC67D1 /* MedicationHomeContent.swift */,
				B2414CB12BC4BF8A00AC67D1 /* MedicationViewModel.swift */,
				B2414CB72BC4D02400AC67D1 /* MedicationHistory.swift */,
				B2414CB52BC4C88F00AC67D1 /* MedicationFrequency.swift */,
				B2414CB92BC4F2A100AC67D1 /* MedicationFormView.swift */,
			);
			path = Medication;
			sourceTree = "<group>";
		};
		B24694152BA12B0700286A75 /* App */ = {
			isa = PBXGroup;
			children = (
				B2D6A3A12B8EFEF80045CCD1 /* OvumApp.swift */,
				B2D6A4282B9FCDFD0045CCD1 /* Router.swift */,
				B2D6A4182B9A96B40045CCD1 /* Constants.swift */,
				B247B6AC2BB4F53C00FF17B9 /* HelperFunctions.swift */,
			);
			path = App;
			sourceTree = "<group>";
		};
		B24694162BA12B1400286A75 /* Core */ = {
			isa = PBXGroup;
			children = (
				B2582D232BA40464002ABFA6 /* HealthKit */,
				B24694182BA12B3900286A75 /* Authentication */,
				B24694192BA12B4600286A75 /* Profile */,
				B2D6A3AF2B8F1A960045CCD1 /* Views */,
				B24694172BA12B2900286A75 /* Root */,
			);
			path = Core;
			sourceTree = "<group>";
		};
		B24694172BA12B2900286A75 /* Root */ = {
			isa = PBXGroup;
			children = (
				B2D6A3A32B8EFEF80045CCD1 /* ContentView.swift */,
			);
			path = Root;
			sourceTree = "<group>";
		};
		B24694182BA12B3900286A75 /* Authentication */ = {
			isa = PBXGroup;
			children = (
				B24694652BA13C5600286A75 /* ViewModel */,
				B24694642BA13C4B00286A75 /* Views */,
			);
			path = Authentication;
			sourceTree = "<group>";
		};
		B24694192BA12B4600286A75 /* Profile */ = {
			isa = PBXGroup;
			children = (
				B24694222BA1336B00286A75 /* ProfileView.swift */,
			);
			path = Profile;
			sourceTree = "<group>";
		};
		B24694612BA13C0700286A75 /* Frameworks */ = {
			isa = PBXGroup;
			children = (
			);
			name = Frameworks;
			sourceTree = "<group>";
		};
		B24694642BA13C4B00286A75 /* Views */ = {
			isa = PBXGroup;
			children = (
				B246941C2BA12D7700286A75 /* LoginView.swift */,
				B247B6912BB3BA9C00FF17B9 /* LoggedInView.swift */,
				B24694202BA131DD00286A75 /* RegistrationView.swift */,
				B2F4BB152BCCDA3800E93770 /* OnboardingView.swift */,
				B2F4BB172BCCDBD100E93770 /* OnboardingViewModel.swift */,
				B247B6AE2BBCC0B300FF17B9 /* SlidingView.swift */,
				B2F4BB192BCE393F00E93770 /* WarningView.swift */,
				B247B6B02BBCC4BC00FF17B9 /* KeyboardManager.swift */,
				B2414CBD2BC7699E00AC67D1 /* Notifications.swift */,
			);
			path = Views;
			sourceTree = "<group>";
		};
		B24694652BA13C5600286A75 /* ViewModel */ = {
			isa = PBXGroup;
			children = (
				B24694662BA13C7900286A75 /* AuthViewModel.swift */,
			);
			path = ViewModel;
			sourceTree = "<group>";
		};
		B247B69F2BB4D85600FF17B9 /* Fonts */ = {
			isa = PBXGroup;
			children = (
				B247B6A42BB4D86B00FF17B9 /* NeueHaasGrotDisp-55Roman-Trial.otf */,
				B247B6A52BB4D86B00FF17B9 /* NeueHaasGrotDisp-56Italic-Trial.otf */,
				B247B6A32BB4D86B00FF17B9 /* NeueHaasGrotDisp-65Medium-Trial.otf */,
				B247B6A12BB4D86B00FF17B9 /* NeueHaasGrotDisp-66MediumItalic-Trial.otf */,
				B247B6A02BB4D86B00FF17B9 /* TestDomaineText-Regular.otf */,
				B247B6A22BB4D86B00FF17B9 /* TestDomaineText-RegularItalic.otf */,
			);
			path = Fonts;
			sourceTree = "<group>";
		};
		B2582D232BA40464002ABFA6 /* HealthKit */ = {
			isa = PBXGroup;
			children = (
				B2582D242BA40476002ABFA6 /* HealthKitManager.swift */,
			);
			path = HealthKit;
			sourceTree = "<group>";
		};
		B2D6A3952B8EFEF80045CCD1 = {
			isa = PBXGroup;
			children = (
				B2D6A3A02B8EFEF80045CCD1 /* Ovum */,
				B2D6A39F2B8EFEF80045CCD1 /* Products */,
				B24694612BA13C0700286A75 /* Frameworks */,
			);
			sourceTree = "<group>";
		};
		B2D6A39F2B8EFEF80045CCD1 /* Products */ = {
			isa = PBXGroup;
			children = (
				B2D6A39E2B8EFEF80045CCD1 /* Ovum.app */,
			);
			name = Products;
			sourceTree = "<group>";
		};
		B2D6A3A02B8EFEF80045CCD1 /* Ovum */ = {
			isa = PBXGroup;
			children = (
				B2414CBF2BC769C800AC67D1 /* OvumRelease.entitlements */,
				B247B69F2BB4D85600FF17B9 /* Fonts */,
				B2582D262BA7E752002ABFA6 /* Info.plist */,
				B2582D222BA403E7002ABFA6 /* Ovum.entitlements */,
				B24694152BA12B0700286A75 /* App */,
				B24694162BA12B1400286A75 /* Core */,
				B2D6A3E52B9038DB0045CCD1 /* Components */,
				B2D6A3F32B9155FA0045CCD1 /* Model */,
				B2D6A3A52B8EFF050045CCD1 /* Assets.xcassets */,
				B24694282BA139CF00286A75 /* GoogleService-Info.plist */,
				B2D6A3A72B8EFF050045CCD1 /* Preview Content */,
			);
			path = Ovum;
			sourceTree = "<group>";
		};
		B2D6A3A72B8EFF050045CCD1 /* Preview Content */ = {
			isa = PBXGroup;
			children = (
				B2D6A3A82B8EFF050045CCD1 /* Preview Assets.xcassets */,
			);
			path = "Preview Content";
			sourceTree = "<group>";
		};
		B2D6A3AF2B8F1A960045CCD1 /* Views */ = {
			isa = PBXGroup;
			children = (
				B2414CB02BC4BF7100AC67D1 /* Medication */,
				B2D6A4152B983DB50045CCD1 /* Overview */,
				B2D6A3F02B914D540045CCD1 /* Chat */,
				B2D6A40A2B9813E40045CCD1 /* Records */,
				B246940B2BA026FA00286A75 /* Menu.swift */,
				B247B68F2BB3A6EC00FF17B9 /* SplashScreen.swift */,
				B2414CA92BBFB52800AC67D1 /* AboutOvumView.swift */,
			);
			path = Views;
			sourceTree = "<group>";
		};
		B2D6A3E52B9038DB0045CCD1 /* Components */ = {
			isa = PBXGroup;
			children = (
				B2D6A41A2B9AB3830045CCD1 /* AddDocumentTray.swift */,
				B247B68B2BB1216E00FF17B9 /* SymptomTray.swift */,
				B25D75582BC8C92700A8E2A4 /* CheckboxToggle.swift */,
				B246941E2BA12E2600286A75 /* InputView.swift */,
				B2D6A3B02B8F1AB20045CCD1 /* BaseView.swift */,
				B2D6A4202B9E789E0045CCD1 /* BubbleBackground.swift */,
				B2D6A4222B9E7DFE0045CCD1 /* BubbleTransitionView.swift */,
				B2414CBB2BC518C800AC67D1 /* MedicationTile.swift */,
				B2D6A4262B9FBDDD0045CCD1 /* CaptureImage.swift */,
				B2D6A3F82B9159590045CCD1 /* ChatBubble.swift */,
				B2D6A4022B96CBE90045CCD1 /* ChatTile.swift */,
				B2D6A4112B98310E0045CCD1 /* DocumentListTile.swift */,
				B2D6A3E62B9041B10045CCD1 /* Header.swift */,
				B2D6A3FA2B91749D0045CCD1 /* IconButton.swift */,
				B2D6A41E2B9E77BD0045CCD1 /* MapOnboardingBubbleShape.swift */,
				B2D6A3EE2B914AEB0045CCD1 /* MessageInputField.swift */,
				B2D6A4242B9ECA7D0045CCD1 /* PhotoPicker.swift */,
				B2D6A40F2B98299D0045CCD1 /* PrimaryButton.swift */,
				B246940D2BA10D1600286A75 /* PurpleButton.swift */,
				B24694112BA10FED00286A75 /* SecondaryButton.swift */,
				B2D6A4042B97E2410045CCD1 /* SendMessageField.swift */,
				B2D6A3EC2B905B0B0045CCD1 /* TextFieldSendButton.swift */,
				B24694132BA116D600286A75 /* ThickDivider.swift */,
				B246940F2BA10DA100286A75 /* TransparentButton.swift */,
				B2D6A3FC2B917FB20045CCD1 /* TypingIndicator.swift */,
				B24694242BA134B500286A75 /* SettingsRowView.swift */,
				B25D75562BC7A31E00A8E2A4 /* thing.swift */,
			);
			path = Components;
			sourceTree = "<group>";
		};
		B2D6A3F02B914D540045CCD1 /* Chat */ = {
			isa = PBXGroup;
			children = (
				B2D6A3F12B914D620045CCD1 /* ChatDetail.swift */,
				B247B68D2BB1307F00FF17B9 /* ChatCompleted.swift */,
				B246941A2BA12C3300286A75 /* ChatHistory.swift */,
				B2D6A4082B980ED40045CCD1 /* ChatHistoryDetail.swift */,
				B2D6A3E82B9055640045CCD1 /* ChatHomeContent.swift */,
				B2D6A3F62B9157020045CCD1 /* MessageViewModel.swift */,
			);
			path = Chat;
			sourceTree = "<group>";
		};
		B2D6A3F32B9155FA0045CCD1 /* Model */ = {
			isa = PBXGroup;
			children = (
				B2D6A3F42B91565C0045CCD1 /* Message.swift */,
				B2F4BB132BCCD9C200E93770 /* OnboardingInfo.swift */,
				B2D6A4062B980BAD0045CCD1 /* ChatSession.swift */,
				B2414CB32BC4C00500AC67D1 /* Medication.swift */,
				B2D6A4132B98313A0045CCD1 /* Document.swift */,
				B24694262BA1360600286A75 /* User.swift */,
			);
			path = Model;
			sourceTree = "<group>";
		};
		B2D6A40A2B9813E40045CCD1 /* Records */ = {
			isa = PBXGroup;
			children = (
				B2D6A40B2B9814220045CCD1 /* RecordsHomeContent.swift */,
				B24694682BA26A3A00286A75 /* UploadDocument.swift */,
				B246946A2BA270A700286A75 /* TagDocument.swift */,
				B2D6A41C2B9AC08F0045CCD1 /* RecordDetail.swift */,
				B2D6A40D2B9817890045CCD1 /* RecordTypeTile.swift */,
			);
			path = Records;
			sourceTree = "<group>";
		};
		B2D6A4152B983DB50045CCD1 /* Overview */ = {
			isa = PBXGroup;
			children = (
				B2D6A4162B983DCF0045CCD1 /* OverviewHomeContent.swift */,
			);
			path = Overview;
			sourceTree = "<group>";
		};
/* End PBXGroup section */

/* Begin PBXNativeTarget section */
		B2D6A39D2B8EFEF80045CCD1 /* Ovum */ = {
			isa = PBXNativeTarget;
			buildConfigurationList = B2D6A3AC2B8EFF050045CCD1 /* Build configuration list for PBXNativeTarget "Ovum" */;
			buildPhases = (
				B2D6A39A2B8EFEF80045CCD1 /* Sources */,
				B2D6A39B2B8EFEF80045CCD1 /* Frameworks */,
				B2D6A39C2B8EFEF80045CCD1 /* Resources */,
			);
			buildRules = (
			);
			dependencies = (
			);
			name = Ovum;
			packageProductDependencies = (
				B24694372BA13B7000286A75 /* FirebaseAuth */,
				B24694432BA13B7000286A75 /* FirebaseFirestore */,
				B246945D2BA13B7000286A75 /* FirebaseStorage */,
				B24694622BA13C0700286A75 /* FirebaseFirestoreSwift */,
				B2414CAC2BC4B32400AC67D1 /* SwiftUIImageViewer */,
			);
			productName = Ovum;
			productReference = B2D6A39E2B8EFEF80045CCD1 /* Ovum.app */;
			productType = "com.apple.product-type.application";
		};
/* End PBXNativeTarget section */

/* Begin PBXProject section */
		B2D6A3962B8EFEF80045CCD1 /* Project object */ = {
			isa = PBXProject;
			attributes = {
				BuildIndependentTargetsInParallel = 1;
				LastSwiftUpdateCheck = 1500;
				LastUpgradeCheck = 1500;
				TargetAttributes = {
					B2D6A39D2B8EFEF80045CCD1 = {
						CreatedOnToolsVersion = 15.0.1;
					};
				};
			};
			buildConfigurationList = B2D6A3992B8EFEF80045CCD1 /* Build configuration list for PBXProject "Ovum" */;
			compatibilityVersion = "Xcode 14.0";
			developmentRegion = en;
			hasScannedForEncodings = 0;
			knownRegions = (
				en,
				Base,
			);
			mainGroup = B2D6A3952B8EFEF80045CCD1;
			packageReferences = (
				B246942A2BA13B7000286A75 /* XCRemoteSwiftPackageReference "firebase-ios-sdk" */,
				B2414CAB2BC4B32400AC67D1 /* XCRemoteSwiftPackageReference "swiftui-image-viewer" */,
			);
			productRefGroup = B2D6A39F2B8EFEF80045CCD1 /* Products */;
			projectDirPath = "";
			projectRoot = "";
			targets = (
				B2D6A39D2B8EFEF80045CCD1 /* Ovum */,
			);
		};
/* End PBXProject section */

/* Begin PBXResourcesBuildPhase section */
		B2D6A39C2B8EFEF80045CCD1 /* Resources */ = {
			isa = PBXResourcesBuildPhase;
			buildActionMask = 2147483647;
			files = (
				B2D6A3A92B8EFF050045CCD1 /* Preview Assets.xcassets in Resources */,
				B2D6A3A62B8EFF050045CCD1 /* Assets.xcassets in Resources */,
				B247B6A92BB4D86B00FF17B9 /* NeueHaasGrotDisp-65Medium-Trial.otf in Resources */,
				B24694292BA139CF00286A75 /* GoogleService-Info.plist in Resources */,
				B247B6AB2BB4D86B00FF17B9 /* NeueHaasGrotDisp-56Italic-Trial.otf in Resources */,
				B247B6AA2BB4D86B00FF17B9 /* NeueHaasGrotDisp-55Roman-Trial.otf in Resources */,
				B247B6A72BB4D86B00FF17B9 /* NeueHaasGrotDisp-66MediumItalic-Trial.otf in Resources */,
				B247B6A62BB4D86B00FF17B9 /* TestDomaineText-Regular.otf in Resources */,
				B247B6A82BB4D86B00FF17B9 /* TestDomaineText-RegularItalic.otf in Resources */,
			);
			runOnlyForDeploymentPostprocessing = 0;
		};
/* End PBXResourcesBuildPhase section */

/* Begin PBXSourcesBuildPhase section */
		B2D6A39A2B8EFEF80045CCD1 /* Sources */ = {
			isa = PBXSourcesBuildPhase;
			buildActionMask = 2147483647;
			files = (
				B24694102BA10DA100286A75 /* TransparentButton.swift in Sources */,
				B24694252BA134B500286A75 /* SettingsRowView.swift in Sources */,
				B2D6A4192B9A96B40045CCD1 /* Constants.swift in Sources */,
				B2414CAA2BBFB52800AC67D1 /* AboutOvumView.swift in Sources */,
				B246941B2BA12C3300286A75 /* ChatHistory.swift in Sources */,
				B2D6A41D2B9AC08F0045CCD1 /* RecordDetail.swift in Sources */,
				B2D6A3F22B914D630045CCD1 /* ChatDetail.swift in Sources */,
				B2D6A40E2B9817890045CCD1 /* RecordTypeTile.swift in Sources */,
				B2414CBE2BC7699E00AC67D1 /* Notifications.swift in Sources */,
				B247B6B12BBCC4BC00FF17B9 /* KeyboardManager.swift in Sources */,
				B2D6A4272B9FBDDD0045CCD1 /* CaptureImage.swift in Sources */,
				B2F4BB1A2BCE393F00E93770 /* WarningView.swift in Sources */,
				B2D6A3E72B9041B10045CCD1 /* Header.swift in Sources */,
				B2414CB62BC4C88F00AC67D1 /* MedicationFrequency.swift in Sources */,
				B247B6902BB3A6EC00FF17B9 /* SplashScreen.swift in Sources */,
				B2D6A4092B980ED40045CCD1 /* ChatHistoryDetail.swift in Sources */,
				B2D6A4072B980BAD0045CCD1 /* ChatSession.swift in Sources */,
				B24694142BA116D600286A75 /* ThickDivider.swift in Sources */,
				B2D6A41B2B9AB3830045CCD1 /* AddDocumentTray.swift in Sources */,
				B2D6A3ED2B905B0B0045CCD1 /* TextFieldSendButton.swift in Sources */,
				B246940E2BA10D1600286A75 /* PurpleButton.swift in Sources */,
				B2D6A3EF2B914AEB0045CCD1 /* MessageInputField.swift in Sources */,
				B2D6A4172B983DCF0045CCD1 /* OverviewHomeContent.swift in Sources */,
				B25D75592BC8C92700A8E2A4 /* CheckboxToggle.swift in Sources */,
				B2D6A3B12B8F1AB20045CCD1 /* BaseView.swift in Sources */,
				B25D75572BC7A31E00A8E2A4 /* thing.swift in Sources */,
				B247B6AD2BB4F53C00FF17B9 /* HelperFunctions.swift in Sources */,
				B2D6A4142B98313A0045CCD1 /* Document.swift in Sources */,
				B2D6A4052B97E2410045CCD1 /* SendMessageField.swift in Sources */,
				B247B68C2BB1216E00FF17B9 /* SymptomTray.swift in Sources */,
				B2D6A3FB2B91749D0045CCD1 /* IconButton.swift in Sources */,
				B2D6A3A42B8EFEF80045CCD1 /* ContentView.swift in Sources */,
				B2D6A4102B98299D0045CCD1 /* PrimaryButton.swift in Sources */,
				B2D6A3F92B9159590045CCD1 /* ChatBubble.swift in Sources */,
				B246946B2BA270A700286A75 /* TagDocument.swift in Sources */,
				B2D6A4032B96CBE90045CCD1 /* ChatTile.swift in Sources */,
				B247B68E2BB1307F00FF17B9 /* ChatCompleted.swift in Sources */,
				B2582D252BA40476002ABFA6 /* HealthKitManager.swift in Sources */,
				B2F4BB182BCCDBD100E93770 /* OnboardingViewModel.swift in Sources */,
				B2D6A4232B9E7DFE0045CCD1 /* BubbleTransitionView.swift in Sources */,
				B2D6A3F52B91565C0045CCD1 /* Message.swift in Sources */,
				B2414CB42BC4C00500AC67D1 /* Medication.swift in Sources */,
				B247B6AF2BBCC0B300FF17B9 /* SlidingView.swift in Sources */,
				B2D6A4292B9FCDFD0045CCD1 /* Router.swift in Sources */,
				B24694122BA10FED00286A75 /* SecondaryButton.swift in Sources */,
				B2414CB82BC4D02400AC67D1 /* MedicationHistory.swift in Sources */,
				B2D6A3FD2B917FB20045CCD1 /* TypingIndicator.swift in Sources */,
				B2D6A4212B9E789E0045CCD1 /* BubbleBackground.swift in Sources */,
				B2D6A3E92B9055640045CCD1 /* ChatHomeContent.swift in Sources */,
				B247B6922BB3BA9C00FF17B9 /* LoggedInView.swift in Sources */,
				B2414CBC2BC518C800AC67D1 /* MedicationTile.swift in Sources */,
				B2F4BB162BCCDA3800E93770 /* OnboardingView.swift in Sources */,
				B24694272BA1360600286A75 /* User.swift in Sources */,
				B2D6A41F2B9E77BD0045CCD1 /* MapOnboardingBubbleShape.swift in Sources */,
				B2D6A3F72B9157020045CCD1 /* MessageViewModel.swift in Sources */,
				B24694672BA13C7900286A75 /* AuthViewModel.swift in Sources */,
				B24694212BA131DD00286A75 /* RegistrationView.swift in Sources */,
				B2D6A40C2B9814220045CCD1 /* RecordsHomeContent.swift in Sources */,
				B2D6A3A22B8EFEF80045CCD1 /* OvumApp.swift in Sources */,
				B246940C2BA026FA00286A75 /* Menu.swift in Sources */,
				B246941D2BA12D7700286A75 /* LoginView.swift in Sources */,
				B246941F2BA12E2600286A75 /* InputView.swift in Sources */,
				B2414CBA2BC4F2A100AC67D1 /* MedicationFormView.swift in Sources */,
				B2D6A4252B9ECA7D0045CCD1 /* PhotoPicker.swift in Sources */,
				B2414CAF2BC4B9A100AC67D1 /* MedicationHomeContent.swift in Sources */,
				B24694692BA26A3A00286A75 /* UploadDocument.swift in Sources */,
				B2414CB22BC4BF8A00AC67D1 /* MedicationViewModel.swift in Sources */,
				B2F4BB142BCCD9C200E93770 /* OnboardingInfo.swift in Sources */,
				B24694232BA1336B00286A75 /* ProfileView.swift in Sources */,
				B2D6A4122B98310E0045CCD1 /* DocumentListTile.swift in Sources */,
			);
			runOnlyForDeploymentPostprocessing = 0;
		};
/* End PBXSourcesBuildPhase section */

/* Begin XCBuildConfiguration section */
		B2D6A3AA2B8EFF050045CCD1 /* Debug */ = {
			isa = XCBuildConfiguration;
			buildSettings = {
				ALWAYS_SEARCH_USER_PATHS = NO;
				ASSETCATALOG_COMPILER_GENERATE_SWIFT_ASSET_SYMBOL_EXTENSIONS = YES;
				CLANG_ANALYZER_NONNULL = YES;
				CLANG_ANALYZER_NUMBER_OBJECT_CONVERSION = YES_AGGRESSIVE;
				CLANG_CXX_LANGUAGE_STANDARD = "gnu++20";
				CLANG_ENABLE_MODULES = YES;
				CLANG_ENABLE_OBJC_ARC = YES;
				CLANG_ENABLE_OBJC_WEAK = YES;
				CLANG_WARN_BLOCK_CAPTURE_AUTORELEASING = YES;
				CLANG_WARN_BOOL_CONVERSION = YES;
				CLANG_WARN_COMMA = YES;
				CLANG_WARN_CONSTANT_CONVERSION = YES;
				CLANG_WARN_DEPRECATED_OBJC_IMPLEMENTATIONS = YES;
				CLANG_WARN_DIRECT_OBJC_ISA_USAGE = YES_ERROR;
				CLANG_WARN_DOCUMENTATION_COMMENTS = YES;
				CLANG_WARN_EMPTY_BODY = YES;
				CLANG_WARN_ENUM_CONVERSION = YES;
				CLANG_WARN_INFINITE_RECURSION = YES;
				CLANG_WARN_INT_CONVERSION = YES;
				CLANG_WARN_NON_LITERAL_NULL_CONVERSION = YES;
				CLANG_WARN_OBJC_IMPLICIT_RETAIN_SELF = YES;
				CLANG_WARN_OBJC_LITERAL_CONVERSION = YES;
				CLANG_WARN_OBJC_ROOT_CLASS = YES_ERROR;
				CLANG_WARN_QUOTED_INCLUDE_IN_FRAMEWORK_HEADER = YES;
				CLANG_WARN_RANGE_LOOP_ANALYSIS = YES;
				CLANG_WARN_STRICT_PROTOTYPES = YES;
				CLANG_WARN_SUSPICIOUS_MOVE = YES;
				CLANG_WARN_UNGUARDED_AVAILABILITY = YES_AGGRESSIVE;
				CLANG_WARN_UNREACHABLE_CODE = YES;
				CLANG_WARN__DUPLICATE_METHOD_MATCH = YES;
				COPY_PHASE_STRIP = NO;
				DEBUG_INFORMATION_FORMAT = dwarf;
				ENABLE_STRICT_OBJC_MSGSEND = YES;
				ENABLE_TESTABILITY = YES;
				ENABLE_USER_SCRIPT_SANDBOXING = YES;
				GCC_C_LANGUAGE_STANDARD = gnu17;
				GCC_DYNAMIC_NO_PIC = NO;
				GCC_NO_COMMON_BLOCKS = YES;
				GCC_OPTIMIZATION_LEVEL = 0;
				GCC_PREPROCESSOR_DEFINITIONS = (
					"DEBUG=1",
					"$(inherited)",
				);
				GCC_WARN_64_TO_32_BIT_CONVERSION = YES;
				GCC_WARN_ABOUT_RETURN_TYPE = YES_ERROR;
				GCC_WARN_UNDECLARED_SELECTOR = YES;
				GCC_WARN_UNINITIALIZED_AUTOS = YES_AGGRESSIVE;
				GCC_WARN_UNUSED_FUNCTION = YES;
				GCC_WARN_UNUSED_VARIABLE = YES;
				IPHONEOS_DEPLOYMENT_TARGET = 17.0;
				LOCALIZATION_PREFERS_STRING_CATALOGS = YES;
				MTL_ENABLE_DEBUG_INFO = INCLUDE_SOURCE;
				MTL_FAST_MATH = YES;
				ONLY_ACTIVE_ARCH = YES;
				"OTHER_LDFLAGS[arch=*]" = (
					"-Xlinker",
					"-no_warn_duplicate_libraries",
				);
				SDKROOT = iphoneos;
				SWIFT_ACTIVE_COMPILATION_CONDITIONS = "DEBUG $(inherited)";
				SWIFT_OPTIMIZATION_LEVEL = "-Onone";
			};
			name = Debug;
		};
		B2D6A3AB2B8EFF050045CCD1 /* Release */ = {
			isa = XCBuildConfiguration;
			buildSettings = {
				ALWAYS_SEARCH_USER_PATHS = NO;
				ASSETCATALOG_COMPILER_GENERATE_SWIFT_ASSET_SYMBOL_EXTENSIONS = YES;
				CLANG_ANALYZER_NONNULL = YES;
				CLANG_ANALYZER_NUMBER_OBJECT_CONVERSION = YES_AGGRESSIVE;
				CLANG_CXX_LANGUAGE_STANDARD = "gnu++20";
				CLANG_ENABLE_MODULES = YES;
				CLANG_ENABLE_OBJC_ARC = YES;
				CLANG_ENABLE_OBJC_WEAK = YES;
				CLANG_WARN_BLOCK_CAPTURE_AUTORELEASING = YES;
				CLANG_WARN_BOOL_CONVERSION = YES;
				CLANG_WARN_COMMA = YES;
				CLANG_WARN_CONSTANT_CONVERSION = YES;
				CLANG_WARN_DEPRECATED_OBJC_IMPLEMENTATIONS = YES;
				CLANG_WARN_DIRECT_OBJC_ISA_USAGE = YES_ERROR;
				CLANG_WARN_DOCUMENTATION_COMMENTS = YES;
				CLANG_WARN_EMPTY_BODY = YES;
				CLANG_WARN_ENUM_CONVERSION = YES;
				CLANG_WARN_INFINITE_RECURSION = YES;
				CLANG_WARN_INT_CONVERSION = YES;
				CLANG_WARN_NON_LITERAL_NULL_CONVERSION = YES;
				CLANG_WARN_OBJC_IMPLICIT_RETAIN_SELF = YES;
				CLANG_WARN_OBJC_LITERAL_CONVERSION = YES;
				CLANG_WARN_OBJC_ROOT_CLASS = YES_ERROR;
				CLANG_WARN_QUOTED_INCLUDE_IN_FRAMEWORK_HEADER = YES;
				CLANG_WARN_RANGE_LOOP_ANALYSIS = YES;
				CLANG_WARN_STRICT_PROTOTYPES = YES;
				CLANG_WARN_SUSPICIOUS_MOVE = YES;
				CLANG_WARN_UNGUARDED_AVAILABILITY = YES_AGGRESSIVE;
				CLANG_WARN_UNREACHABLE_CODE = YES;
				CLANG_WARN__DUPLICATE_METHOD_MATCH = YES;
				COPY_PHASE_STRIP = NO;
				DEBUG_INFORMATION_FORMAT = "dwarf-with-dsym";
				ENABLE_NS_ASSERTIONS = NO;
				ENABLE_STRICT_OBJC_MSGSEND = YES;
				ENABLE_USER_SCRIPT_SANDBOXING = YES;
				GCC_C_LANGUAGE_STANDARD = gnu17;
				GCC_NO_COMMON_BLOCKS = YES;
				GCC_WARN_64_TO_32_BIT_CONVERSION = YES;
				GCC_WARN_ABOUT_RETURN_TYPE = YES_ERROR;
				GCC_WARN_UNDECLARED_SELECTOR = YES;
				GCC_WARN_UNINITIALIZED_AUTOS = YES_AGGRESSIVE;
				GCC_WARN_UNUSED_FUNCTION = YES;
				GCC_WARN_UNUSED_VARIABLE = YES;
				IPHONEOS_DEPLOYMENT_TARGET = 17.0;
				LOCALIZATION_PREFERS_STRING_CATALOGS = YES;
				MTL_ENABLE_DEBUG_INFO = NO;
				MTL_FAST_MATH = YES;
				SDKROOT = iphoneos;
				SWIFT_COMPILATION_MODE = wholemodule;
				VALIDATE_PRODUCT = YES;
			};
			name = Release;
		};
		B2D6A3AD2B8EFF050045CCD1 /* Debug */ = {
			isa = XCBuildConfiguration;
			buildSettings = {
				ASSETCATALOG_COMPILER_APPICON_NAME = AppIcon;
				ASSETCATALOG_COMPILER_GLOBAL_ACCENT_COLOR_NAME = AccentColor;
				CODE_SIGN_ENTITLEMENTS = Ovum/Ovum.entitlements;
				"CODE_SIGN_IDENTITY[sdk=iphoneos*]" = "iPhone Developer";
				CODE_SIGN_STYLE = Manual;
				CURRENT_PROJECT_VERSION = 1;
				DEVELOPMENT_ASSET_PATHS = "\"Ovum/Preview Content\"";
				DEVELOPMENT_TEAM = D9QCYUQ6WX;
				"DEVELOPMENT_TEAM[sdk=iphoneos*]" = D9QCYUQ6WX;
				ENABLE_PREVIEWS = YES;
				GENERATE_INFOPLIST_FILE = YES;
				INFOPLIST_FILE = Ovum/Info.plist;
				INFOPLIST_KEY_NSCameraUsageDescription = "This app needs to capture image.";
				INFOPLIST_KEY_NSHealthShareUsageDescription = "To read the health data and show it in the application.";
				INFOPLIST_KEY_NSHealthUpdateUsageDescription = "To read the health data and show it in the application.";
				INFOPLIST_KEY_UIApplicationSceneManifest_Generation = YES;
				INFOPLIST_KEY_UIApplicationSupportsIndirectInputEvents = YES;
				INFOPLIST_KEY_UILaunchScreen_Generation = YES;
				INFOPLIST_KEY_UISupportedInterfaceOrientations_iPad = "UIInterfaceOrientationPortrait UIInterfaceOrientationPortraitUpsideDown UIInterfaceOrientationLandscapeLeft UIInterfaceOrientationLandscapeRight";
				INFOPLIST_KEY_UISupportedInterfaceOrientations_iPhone = "UIInterfaceOrientationPortrait UIInterfaceOrientationLandscapeLeft UIInterfaceOrientationLandscapeRight";
				INFOPLIST_KEY_UIUserInterfaceStyle = Light;
				LD_RUNPATH_SEARCH_PATHS = (
					"$(inherited)",
					"@executable_path/Frameworks",
				);
				MARKETING_VERSION = 1.0;
				"OTHER_LDFLAGS[arch=*]" = "\"-Wl,-no_warn_duplicate_libraries\"";
				PRODUCT_BUNDLE_IDENTIFIER = com.nakatomi.Ovum;
				PRODUCT_NAME = "$(TARGET_NAME)";
				PROVISIONING_PROFILE_SPECIFIER = "";
				"PROVISIONING_PROFILE_SPECIFIER[sdk=iphoneos*]" = "match Development com.nakatomi.Ovum";
				SWIFT_EMIT_LOC_STRINGS = YES;
				SWIFT_VERSION = 5.0;
				TARGETED_DEVICE_FAMILY = "1,2";
			};
			name = Debug;
		};
		B2D6A3AE2B8EFF050045CCD1 /* Release */ = {
			isa = XCBuildConfiguration;
			buildSettings = {
				ASSETCATALOG_COMPILER_APPICON_NAME = AppIcon;
				ASSETCATALOG_COMPILER_GLOBAL_ACCENT_COLOR_NAME = AccentColor;
				CODE_SIGN_ENTITLEMENTS = Ovum/OvumRelease.entitlements;
				CODE_SIGN_IDENTITY = "Apple Distribution";
				"CODE_SIGN_IDENTITY[sdk=iphoneos*]" = "iPhone Distribution";
				CODE_SIGN_STYLE = Manual;
				CURRENT_PROJECT_VERSION = 1;
				DEVELOPMENT_ASSET_PATHS = "\"Ovum/Preview Content\"";
				DEVELOPMENT_TEAM = D9QCYUQ6WX;
				"DEVELOPMENT_TEAM[sdk=iphoneos*]" = D9QCYUQ6WX;
				ENABLE_PREVIEWS = YES;
				GENERATE_INFOPLIST_FILE = YES;
				INFOPLIST_FILE = Ovum/Info.plist;
				INFOPLIST_KEY_NSCameraUsageDescription = "This app needs to capture image.";
				INFOPLIST_KEY_NSHealthShareUsageDescription = "To read the health data and show it in the application.";
				INFOPLIST_KEY_NSHealthUpdateUsageDescription = "To read the health data and show it in the application.";
				INFOPLIST_KEY_UIApplicationSceneManifest_Generation = YES;
				INFOPLIST_KEY_UIApplicationSupportsIndirectInputEvents = YES;
				INFOPLIST_KEY_UILaunchScreen_Generation = YES;
				INFOPLIST_KEY_UISupportedInterfaceOrientations_iPad = "UIInterfaceOrientationPortrait UIInterfaceOrientationPortraitUpsideDown UIInterfaceOrientationLandscapeLeft UIInterfaceOrientationLandscapeRight";
				INFOPLIST_KEY_UISupportedInterfaceOrientations_iPhone = "UIInterfaceOrientationPortrait UIInterfaceOrientationLandscapeLeft UIInterfaceOrientationLandscapeRight";
				INFOPLIST_KEY_UIUserInterfaceStyle = Light;
				LD_RUNPATH_SEARCH_PATHS = (
					"$(inherited)",
					"@executable_path/Frameworks",
				);
				MARKETING_VERSION = 1.0;
				PRODUCT_BUNDLE_IDENTIFIER = com.nakatomi.Ovum;
				PRODUCT_NAME = "$(TARGET_NAME)";
				PROVISIONING_PROFILE_SPECIFIER = "";
				"PROVISIONING_PROFILE_SPECIFIER[sdk=iphoneos*]" = "match AppStore com.nakatomi.Ovum";
				SWIFT_EMIT_LOC_STRINGS = YES;
				SWIFT_VERSION = 5.0;
				TARGETED_DEVICE_FAMILY = "1,2";
			};
			name = Release;
		};
/* End XCBuildConfiguration section */

/* Begin XCConfigurationList section */
		B2D6A3992B8EFEF80045CCD1 /* Build configuration list for PBXProject "Ovum" */ = {
			isa = XCConfigurationList;
			buildConfigurations = (
				B2D6A3AA2B8EFF050045CCD1 /* Debug */,
				B2D6A3AB2B8EFF050045CCD1 /* Release */,
			);
			defaultConfigurationIsVisible = 0;
			defaultConfigurationName = Release;
		};
		B2D6A3AC2B8EFF050045CCD1 /* Build configuration list for PBXNativeTarget "Ovum" */ = {
			isa = XCConfigurationList;
			buildConfigurations = (
				B2D6A3AD2B8EFF050045CCD1 /* Debug */,
				B2D6A3AE2B8EFF050045CCD1 /* Release */,
			);
			defaultConfigurationIsVisible = 0;
			defaultConfigurationName = Release;
		};
/* End XCConfigurationList section */

/* Begin XCRemoteSwiftPackageReference section */
		B2414CAB2BC4B32400AC67D1 /* XCRemoteSwiftPackageReference "swiftui-image-viewer" */ = {
			isa = XCRemoteSwiftPackageReference;
			repositoryURL = "https://github.com/fuzzzlove/swiftui-image-viewer.git";
			requirement = {
				kind = upToNextMajorVersion;
				minimumVersion = 1.0.0;
			};
		};
		B246942A2BA13B7000286A75 /* XCRemoteSwiftPackageReference "firebase-ios-sdk" */ = {
			isa = XCRemoteSwiftPackageReference;
			repositoryURL = "https://github.com/firebase/firebase-ios-sdk";
			requirement = {
				kind = upToNextMajorVersion;
				minimumVersion = 10.22.1;
			};
		};
/* End XCRemoteSwiftPackageReference section */

/* Begin XCSwiftPackageProductDependency section */
		B2414CAC2BC4B32400AC67D1 /* SwiftUIImageViewer */ = {
			isa = XCSwiftPackageProductDependency;
			package = B2414CAB2BC4B32400AC67D1 /* XCRemoteSwiftPackageReference "swiftui-image-viewer" */;
			productName = SwiftUIImageViewer;
		};
		B24694372BA13B7000286A75 /* FirebaseAuth */ = {
			isa = XCSwiftPackageProductDependency;
			package = B246942A2BA13B7000286A75 /* XCRemoteSwiftPackageReference "firebase-ios-sdk" */;
			productName = FirebaseAuth;
		};
		B24694432BA13B7000286A75 /* FirebaseFirestore */ = {
			isa = XCSwiftPackageProductDependency;
			package = B246942A2BA13B7000286A75 /* XCRemoteSwiftPackageReference "firebase-ios-sdk" */;
			productName = FirebaseFirestore;
		};
		B246945D2BA13B7000286A75 /* FirebaseStorage */ = {
			isa = XCSwiftPackageProductDependency;
			package = B246942A2BA13B7000286A75 /* XCRemoteSwiftPackageReference "firebase-ios-sdk" */;
			productName = FirebaseStorage;
		};
		B24694622BA13C0700286A75 /* FirebaseFirestoreSwift */ = {
			isa = XCSwiftPackageProductDependency;
			package = B246942A2BA13B7000286A75 /* XCRemoteSwiftPackageReference "firebase-ios-sdk" */;
			productName = FirebaseFirestoreSwift;
		};
/* End XCSwiftPackageProductDependency section */
	};
	rootObject = B2D6A3962B8EFEF80045CCD1 /* Project object */;
}
